
Microsoft Visual Studio Solution File, Format Version 12.00
# Visual Studio Version 17
VisualStudioVersion = 17.14.36429.23
MinimumVisualStudioVersion = 10.0.40219.1
Project("{FAE04EC0-301F-11D3-BF4B-00C04F79EFBC}") = "SimpleCalculator", "simple-calculator\SimpleCalculator.csproj", "{B2E255CC-974D-4D5B-AEFE-A3110E84817F}"
EndProject
Project("{FAE04EC0-301F-11D3-BF4B-00C04F79EFBC}") = "CalcLib", "CalcLib\CalcLib.csproj", "{97FF10F0-8465-4AC5-9E0D-8B4235ADDD0A}"
EndProject
Global
	GlobalSection(SolutionConfigurationPlatforms) = preSolution
		Debug|Any CPU = Debug|Any CPU
		Release|Any CPU = Release|Any CPU
	EndGlobalSection
	GlobalSection(ProjectConfigurationPlatforms) = postSolution
		{B2E255CC-974D-4D5B-AEFE-A3110E84817F}.Debug|Any CPU.ActiveCfg = Debug|Any CPU
		{B2E255CC-974D-4D5B-AEFE-A3110E84817F}.Debug|Any CPU.Build.0 = Debug|Any CPU
		{B2E255CC-974D-4D5B-AEFE-A3110E84817F}.Release|Any CPU.ActiveCfg = Release|Any CPU
		{B2E255CC-974D-4D5B-AEFE-A3110E84817F}.Release|Any CPU.Build.0 = Release|Any CPU
		{97FF10F0-8465-4AC5-9E0D-8B4235ADDD0A}.Debug|Any CPU.ActiveCfg = Debug|Any CPU
		{97FF10F0-8465-4AC5-9E0D-8B4235ADDD0A}.Debug|Any CPU.Build.0 = Debug|Any CPU
		{97FF10F0-8465-4AC5-9E0D-8B4235ADDD0A}.Release|Any CPU.ActiveCfg = Release|Any CPU
		{97FF10F0-8465-4AC5-9E0D-8B4235ADDD0A}.Release|Any CPU.Build.0 = Release|Any CPU
	EndGlobalSection
	GlobalSection(SolutionProperties) = preSolution
		HideSolutionNode = FALSE
	EndGlobalSection
	GlobalSection(ExtensibilityGlobals) = postSolution
		SolutionGuid = {FAF77160-8073-436B-A9D2-E0EEB6597DC2}
	EndGlobalSection
EndGlobal
